{
    "_meta": {
        "hash": {
            "sha256": "00325878bc3b5a7d6590dfde24004faf52e8621c9af4655e5b8475e86b540044"
        },
        "pipfile-spec": 6,
        "requires": {
            "python_version": "3.8"
        },
        "sources": [
            {
                "name": "pypi",
                "url": "https://pypi.org/simple",
                "verify_ssl": true
            }
        ]
    },
    "default": {
        "tornado": {
            "hashes": [
                "sha256:1bd19ca6c16882e4d37368e0152f99c099bad93e0950ce55e71daed74045908f",
                "sha256:22d3c2fa10b5793da13c807e6fc38ff49a4f6e1e3868b0a6f4164768bb8e20f5",
                "sha256:502fba735c84450974fec147340016ad928d29f1e91f49be168c0a4c18181e1d",
                "sha256:65ceca9500383fbdf33a98c0087cb975b2ef3bfb874cb35b8de8740cf7f41bd3",
                "sha256:71a8db65160a3c55d61839b7302a9a400074c9c753040455494e2af74e2501f2",
                "sha256:7ac51f42808cca9b3613f51ffe2a965c8525cb1b00b7b2d56828b8045354f76a",
                "sha256:7d01abc57ea0dbb51ddfed477dfe22719d376119844e33c661d873bf9c0e4a16",
                "sha256:805d507b1f588320c26f7f097108eb4023bbaa984d63176d1652e184ba24270a",
                "sha256:9dc4444c0defcd3929d5c1eb5706cbe1b116e762ff3e0deca8b715d14bf6ec17",
                "sha256:ceb917a50cd35882b57600709dd5421a418c29ddc852da8bcdab1f0db33406b0",
                "sha256:e7d8db41c0181c80d76c982aacc442c0783a2c54d6400fe028954201a2e032fe"
            ],
            "index": "pypi",
            "version": "==6.3.3"
        }
    },
    "develop": {}
}
